// !$*UTF8*$!
{
	archiveVersion = 1;
	classes = {
	};
	objectVersion = 56;
	objects = {

/* Begin PBXBuildFile section */
		F178453529EFFF2A00D2C306 /* QuoteBook1App.swift in Sources */ = {isa = PBXBuildFile; fileRef = F178453429EFFF2A00D2C306 /* QuoteBook1App.swift */; };
		F178453729EFFF2A00D2C306 /* ContentView.swift in Sources */ = {isa = PBXBuildFile; fileRef = F178453629EFFF2A00D2C306 /* ContentView.swift */; };
		F178453929EFFF2C00D2C306 /* Assets.xcassets in Resources */ = {isa = PBXBuildFile; fileRef = F178453829EFFF2C00D2C306 /* Assets.xcassets */; };
		F178453C29EFFF2C00D2C306 /* Preview Assets.xcassets in Resources */ = {isa = PBXBuildFile; fileRef = F178453B29EFFF2C00D2C306 /* Preview Assets.xcassets */; };
		F178454329EFFF9400D2C306 /* Human.swift in Sources */ = {isa = PBXBuildFile; fileRef = F178454229EFFF9400D2C306 /* Human.swift */; };
		F178454829F02A5200D2C306 /* Data.swift in Sources */ = {isa = PBXBuildFile; fileRef = F178454729F02A5200D2C306 /* Data.swift */; };
		F178454A29F0324D00D2C306 /* HumanViewModel.swift in Sources */ = {isa = PBXBuildFile; fileRef = F178454929F0324D00D2C306 /* HumanViewModel.swift */; };
/* End PBXBuildFile section */

/* Begin PBXFileReference section */
		F178453129EFFF2A00D2C306 /* QuoteBook1.app */ = {isa = PBXFileReference; explicitFileType = wrapper.application; includeInIndex = 0; path = QuoteBook1.app; sourceTree = BUILT_PRODUCTS_DIR; };
		F178453429EFFF2A00D2C306 /* QuoteBook1App.swift */ = {isa = PBXFileReference; lastKnownFileType = sourcecode.swift; path = QuoteBook1App.swift; sourceTree = "<group>"; };
		F178453629EFFF2A00D2C306 /* ContentView.swift */ = {isa = PBXFileReference; lastKnownFileType = sourcecode.swift; path = ContentView.swift; sourceTree = "<group>"; };
		F178453829EFFF2C00D2C306 /* Assets.xcassets */ = {isa = PBXFileReference; lastKnownFileType = folder.assetcatalog; path = Assets.xcassets; sourceTree = "<group>"; };
		F178453B29EFFF2C00D2C306 /* Preview Assets.xcassets */ = {isa = PBXFileReference; lastKnownFileType = folder.assetcatalog; path = "Preview Assets.xcassets"; sourceTree = "<group>"; };
		F178454229EFFF9400D2C306 /* Human.swift */ = {isa = PBXFileReference; lastKnownFileType = sourcecode.swift; path = Human.swift; sourceTree = "<group>"; };
		F178454729F02A5200D2C306 /* Data.swift */ = {isa = PBXFileReference; lastKnownFileType = sourcecode.swift; path = Data.swift; sourceTree = "<group>"; };
		F178454929F0324D00D2C306 /* HumanViewModel.swift */ = {isa = PBXFileReference; lastKnownFileType = sourcecode.swift; path = HumanViewModel.swift; sourceTree = "<group>"; };
/* End PBXFileReference section */

/* Begin PBXFrameworksBuildPhase section */
		F178452E29EFFF2A00D2C306 /* Frameworks */ = {
			isa = PBXFrameworksBuildPhase;
			buildActionMask = 2147483647;
			files = (
			);
			runOnlyForDeploymentPostprocessing = 0;
		};
/* End PBXFrameworksBuildPhase section */

/* Begin PBXGroup section */
		F178452829EFFF2A00D2C306 = {
			isa = PBXGroup;
			children = (
				F178453329EFFF2A00D2C306 /* QuoteBook1 */,
				F178453229EFFF2A00D2C306 /* Products */,
			);
			sourceTree = "<group>";
		};
		F178453229EFFF2A00D2C306 /* Products */ = {
			isa = PBXGroup;
			children = (
				F178453129EFFF2A00D2C306 /* QuoteBook1.app */,
			);
			name = Products;
			sourceTree = "<group>";
		};
		F178453329EFFF2A00D2C306 /* QuoteBook1 */ = {
			isa = PBXGroup;
			children = (
				F178453429EFFF2A00D2C306 /* QuoteBook1App.swift */,
				F178454629F029F300D2C306 /* ViewModel */,
				F178454529F029DB00D2C306 /* View */,
				F178454429F029BD00D2C306 /* Model */,
				F178453829EFFF2C00D2C306 /* Assets.xcassets */,
				F178453A29EFFF2C00D2C306 /* Preview Content */,
			);
			path = QuoteBook1;
			sourceTree = "<group>";
		};
		F178453A29EFFF2C00D2C306 /* Preview Content */ = {
			isa = PBXGroup;
			children = (
				F178453B29EFFF2C00D2C306 /* Preview Assets.xcassets */,
			);
			path = "Preview Content";
			sourceTree = "<group>";
		};
		F178454429F029BD00D2C306 /* Model */ = {
			isa = PBXGroup;
			children = (
				F178454229EFFF9400D2C306 /* Human.swift */,
				F178454729F02A5200D2C306 /* Data.swift */,
			);
			path = Model;
			sourceTree = "<group>";
		};
		F178454529F029DB00D2C306 /* View */ = {
			isa = PBXGroup;
			children = (
				F178453629EFFF2A00D2C306 /* ContentView.swift */,
			);
			path = View;
			sourceTree = "<group>";
		};
		F178454629F029F300D2C306 /* ViewModel */ = {
			isa = PBXGroup;
			children = (
				F178454929F0324D00D2C306 /* HumanViewModel.swift */,
			);
			path = ViewModel;
			sourceTree = "<group>";
		};
/* End PBXGroup section */

/* Begin PBXNativeTarget section */
		F178453029EFFF2A00D2C306 /* QuoteBook1 */ = {
			isa = PBXNativeTarget;
			buildConfigurationList = F178453F29EFFF2C00D2C306 /* Build configuration list for PBXNativeTarget "QuoteBook1" */;
			buildPhases = (
				F178452D29EFFF2A00D2C306 /* Sources */,
				F178452E29EFFF2A00D2C306 /* Frameworks */,
				F178452F29EFFF2A00D2C306 /* Resources */,
			);
			buildRules = (
			);
			dependencies = (
			);
			name = QuoteBook1;
			productName = QuoteBook1;
			productReference = F178453129EFFF2A00D2C306 /* QuoteBook1.app */;
			productType = "com.apple.product-type.application";
		};
/* End PBXNativeTarget section */

/* Begin PBXProject section */
		F178452929EFFF2A00D2C306 /* Project object */ = {
			isa = PBXProject;
			attributes = {
				BuildIndependentTargetsInParallel = 1;
				LastSwiftUpdateCheck = 1420;
				LastUpgradeCheck = 1420;
				TargetAttributes = {
					F178453029EFFF2A00D2C306 = {
						CreatedOnToolsVersion = 14.2;
					};
				};
			};
			buildConfigurationList = F178452C29EFFF2A00D2C306 /* Build configuration list for PBXProject "QuoteBook1" */;
			compatibilityVersion = "Xcode 14.0";
			developmentRegion = en;
			hasScannedForEncodings = 0;
			knownRegions = (
				en,
				Base,
			);
			mainGroup = F178452829EFFF2A00D2C306;
			productRefGroup = F178453229EFFF2A00D2C306 /* Products */;
			projectDirPath = "";
			projectRoot = "";
			targets = (
				F178453029EFFF2A00D2C306 /* QuoteBook1 */,
			);
		};
/* End PBXProject section */

/* Begin PBXResourcesBuildPhase section */
		F178452F29EFFF2A00D2C306 /* Resources */ = {
			isa = PBXResourcesBuildPhase;
			buildActionMask = 2147483647;
			files = (
				F178453C29EFFF2C00D2C306 /* Preview Assets.xcassets in Resources */,
				F178453929EFFF2C00D2C306 /* Assets.xcassets in Resources */,
			);
			runOnlyForDeploymentPostprocessing = 0;
		};
/* End PBXResourcesBuildPhase section */

/* Begin PBXSourcesBuildPhase section */
		F178452D29EFFF2A00D2C306 /* Sources */ = {
			isa = PBXSourcesBuildPhase;
			buildActionMask = 2147483647;
			files = (
				F178453729EFFF2A00D2C306 /* ContentView.swift in Sources */,
				F178454329EFFF9400D2C306 /* Human.swift in Sources */,
				F178453529EFFF2A00D2C306 /* QuoteBook1App.swift in Sources */,
				F178454829F02A5200D2C306 /* Data.swift in Sources */,
				F178454A29F0324D00D2C306 /* HumanViewModel.swift in Sources */,
			);
			runOnlyForDeploymentPostprocessing = 0;
		};
/* End PBXSourcesBuildPhase section */

/* Begin XCBuildConfiguration section */
		F178453D29EFFF2C00D2C306 /* Debug */ = {
			isa = XCBuildConfiguration;
			buildSettings = {
				ALWAYS_SEARCH_USER_PATHS = NO;
				CLANG_ANALYZER_NONNULL = YES;
				CLANG_ANALYZER_NUMBER_OBJECT_CONVERSION = YES_AGGRESSIVE;
				CLANG_CXX_LANGUAGE_STANDARD = "gnu++20";
				CLANG_ENABLE_MODULES = YES;
				CLANG_ENABLE_OBJC_ARC = YES;
				CLANG_ENABLE_OBJC_WEAK = YES;
				CLANG_WARN_BLOCK_CAPTURE_AUTORELEASING = YES;
				CLANG_WARN_BOOL_CONVERSION = YES;
				CLANG_WARN_COMMA = YES;
				CLANG_WARN_CONSTANT_CONVERSION = YES;
				CLANG_WARN_DEPRECATED_OBJC_IMPLEMENTATIONS = YES;
				CLANG_WARN_DIRECT_OBJC_ISA_USAGE = YES_ERROR;
				CLANG_WARN_DOCUMENTATION_COMMENTS = YES;
				CLANG_WARN_EMPTY_BODY = YES;
				CLANG_WARN_ENUM_CONVERSION = YES;
				CLANG_WARN_INFINITE_RECURSION = YES;
				CLANG_WARN_INT_CONVERSION = YES;
				CLANG_WARN_NON_LITERAL_NULL_CONVERSION = YES;
				CLANG_WARN_OBJC_IMPLICIT_RETAIN_SELF = YES;
				CLANG_WARN_OBJC_LITERAL_CONVERSION = YES;
				CLANG_WARN_OBJC_ROOT_CLASS = YES_ERROR;
				CLANG_WARN_QUOTED_INCLUDE_IN_FRAMEWORK_HEADER = YES;
				CLANG_WARN_RANGE_LOOP_ANALYSIS = YES;
				CLANG_WARN_STRICT_PROTOTYPES = YES;
				CLANG_WARN_SUSPICIOUS_MOVE = YES;
				CLANG_WARN_UNGUARDED_AVAILABILITY = YES_AGGRESSIVE;
				CLANG_WARN_UNREACHABLE_CODE = YES;
				CLANG_WARN__DUPLICATE_METHOD_MATCH = YES;
				COPY_PHASE_STRIP = NO;
				DEBUG_INFORMATION_FORMAT = dwarf;
				ENABLE_STRICT_OBJC_MSGSEND = YES;
				ENABLE_TESTABILITY = YES;
				GCC_C_LANGUAGE_STANDARD = gnu11;
				GCC_DYNAMIC_NO_PIC = NO;
				GCC_NO_COMMON_BLOCKS = YES;
				GCC_OPTIMIZATION_LEVEL = 0;
				GCC_PREPROCESSOR_DEFINITIONS = (
					"DEBUG=1",
					"$(inherited)",
				);
				GCC_WARN_64_TO_32_BIT_CONVERSION = YES;
				GCC_WARN_ABOUT_RETURN_TYPE = YES_ERROR;
				GCC_WARN_UNDECLARED_SELECTOR = YES;
				GCC_WARN_UNINITIALIZED_AUTOS = YES_AGGRESSIVE;
				GCC_WARN_UNUSED_FUNCTION = YES;
				GCC_WARN_UNUSED_VARIABLE = YES;
				IPHONEOS_DEPLOYMENT_TARGET = 16.2;
				MTL_ENABLE_DEBUG_INFO = INCLUDE_SOURCE;
				MTL_FAST_MATH = YES;
				ONLY_ACTIVE_ARCH = YES;
				SDKROOT = iphoneos;
				SWIFT_ACTIVE_COMPILATION_CONDITIONS = DEBUG;
				SWIFT_OPTIMIZATION_LEVEL = "-Onone";
			};
			name = Debug;
		};
		F178453E29EFFF2C00D2C306 /* Release */ = {
			isa = XCBuildConfiguration;
			buildSettings = {
				ALWAYS_SEARCH_USER_PATHS = NO;
				CLANG_ANALYZER_NONNULL = YES;
				CLANG_ANALYZER_NUMBER_OBJECT_CONVERSION = YES_AGGRESSIVE;
				CLANG_CXX_LANGUAGE_STANDARD = "gnu++20";
				CLANG_ENABLE_MODULES = YES;
				CLANG_ENABLE_OBJC_ARC = YES;
				CLANG_ENABLE_OBJC_WEAK = YES;
				CLANG_WARN_BLOCK_CAPTURE_AUTORELEASING = YES;
				CLANG_WARN_BOOL_CONVERSION = YES;
				CLANG_WARN_COMMA = YES;
				CLANG_WARN_CONSTANT_CONVERSION = YES;
				CLANG_WARN_DEPRECATED_OBJC_IMPLEMENTATIONS = YES;
				CLANG_WARN_DIRECT_OBJC_ISA_USAGE = YES_ERROR;
				CLANG_WARN_DOCUMENTATION_COMMENTS = YES;
				CLANG_WARN_EMPTY_BODY = YES;
				CLANG_WARN_ENUM_CONVERSION = YES;
				CLANG_WARN_INFINITE_RECURSION = YES;
				CLANG_WARN_INT_CONVERSION = YES;
				CLANG_WARN_NON_LITERAL_NULL_CONVERSION = YES;
				CLANG_WARN_OBJC_IMPLICIT_RETAIN_SELF = YES;
				CLANG_WARN_OBJC_LITERAL_CONVERSION = YES;
				CLANG_WARN_OBJC_ROOT_CLASS = YES_ERROR;
				CLANG_WARN_QUOTED_INCLUDE_IN_FRAMEWORK_HEADER = YES;
				CLANG_WARN_RANGE_LOOP_ANALYSIS = YES;
				CLANG_WARN_STRICT_PROTOTYPES = YES;
				CLANG_WARN_SUSPICIOUS_MOVE = YES;
				CLANG_WARN_UNGUARDED_AVAILABILITY = YES_AGGRESSIVE;
				CLANG_WARN_UNREACHABLE_CODE = YES;
				CLANG_WARN__DUPLICATE_METHOD_MATCH = YES;
				COPY_PHASE_STRIP = NO;
				DEBUG_INFORMATION_FORMAT = "dwarf-with-dsym";
				ENABLE_NS_ASSERTIONS = NO;
				ENABLE_STRICT_OBJC_MSGSEND = YES;
				GCC_C_LANGUAGE_STANDARD = gnu11;
				GCC_NO_COMMON_BLOCKS = YES;
				GCC_WARN_64_TO_32_BIT_CONVERSION = YES;
				GCC_WARN_ABOUT_RETURN_TYPE = YES_ERROR;
				GCC_WARN_UNDECLARED_SELECTOR = YES;
				GCC_WARN_UNINITIALIZED_AUTOS = YES_AGGRESSIVE;
				GCC_WARN_UNUSED_FUNCTION = YES;
				GCC_WARN_UNUSED_VARIABLE = YES;
				IPHONEOS_DEPLOYMENT_TARGET = 16.2;
				MTL_ENABLE_DEBUG_INFO = NO;
				MTL_FAST_MATH = YES;
				SDKROOT = iphoneos;
				SWIFT_COMPILATION_MODE = wholemodule;
				SWIFT_OPTIMIZATION_LEVEL = "-O";
				VALIDATE_PRODUCT = YES;
			};
			name = Release;
		};
		F178454029EFFF2C00D2C306 /* Debug */ = {
			isa = XCBuildConfiguration;
			buildSettings = {
				ASSETCATALOG_COMPILER_APPICON_NAME = AppIcon;
				ASSETCATALOG_COMPILER_GLOBAL_ACCENT_COLOR_NAME = AccentColor;
				CODE_SIGN_STYLE = Automatic;
				CURRENT_PROJECT_VERSION = 1;
				DEVELOPMENT_ASSET_PATHS = "\"QuoteBook1/Preview Content\"";
				DEVELOPMENT_TEAM = 2H87DYH58M;
				ENABLE_PREVIEWS = YES;
				GENERATE_INFOPLIST_FILE = YES;
				INFOPLIST_KEY_UIApplicationSceneManifest_Generation = YES;
				INFOPLIST_KEY_UIApplicationSupportsIndirectInputEvents = YES;
				INFOPLIST_KEY_UILaunchScreen_Generation = YES;
				INFOPLIST_KEY_UISupportedInterfaceOrientations_iPad = "UIInterfaceOrientationPortrait UIInterfaceOrientationPortraitUpsideDown UIInterfaceOrientationLandscapeLeft UIInterfaceOrientationLandscapeRight";
				INFOPLIST_KEY_UISupportedInterfaceOrientations_iPhone = "UIInterfaceOrientationPortrait UIInterfaceOrientationLandscapeLeft UIInterfaceOrientationLandscapeRight";
				LD_RUNPATH_SEARCH_PATHS = (
					"$(inherited)",
					"@executable_path/Frameworks",
				);
				MARKETING_VERSION = 1.0;
				PRODUCT_BUNDLE_IDENTIFIER = tabievadam.QuoteBook1;
				PRODUCT_NAME = "$(TARGET_NAME)";
				SWIFT_EMIT_LOC_STRINGS = YES;
				SWIFT_VERSION = 5.0;
				TARGETED_DEVICE_FAMILY = "1,2";
			};
			name = Debug;
		};
		F178454129EFFF2C00D2C306 /* Release */ = {
			isa = XCBuildConfiguration;
			buildSettings = {
				ASSETCATALOG_COMPILER_APPICON_NAME = AppIcon;
				ASSETCATALOG_COMPILER_GLOBAL_ACCENT_COLOR_NAME = AccentColor;
				CODE_SIGN_STYLE = Automatic;
				CURRENT_PROJECT_VERSION = 1;
				DEVELOPMENT_ASSET_PATHS = "\"QuoteBook1/Preview Content\"";
				DEVELOPMENT_TEAM = 2H87DYH58M;
				ENABLE_PREVIEWS = YES;
				GENERATE_INFOPLIST_FILE = YES;
				INFOPLIST_KEY_UIApplicationSceneManifest_Generation = YES;
				INFOPLIST_KEY_UIApplicationSupportsIndirectInputEvents = YES;
				INFOPLIST_KEY_UILaunchScreen_Generation = YES;
				INFOPLIST_KEY_UISupportedInterfaceOrientations_iPad = "UIInterfaceOrientationPortrait UIInterfaceOrientationPortraitUpsideDown UIInterfaceOrientationLandscapeLeft UIInterfaceOrientationLandscapeRight";
				INFOPLIST_KEY_UISupportedInterfaceOrientations_iPhone = "UIInterfaceOrientationPortrait UIInterfaceOrientationLandscapeLeft UIInterfaceOrientationLandscapeRight";
				LD_RUNPATH_SEARCH_PATHS = (
					"$(inherited)",
					"@executable_path/Frameworks",
				);
				MARKETING_VERSION = 1.0;
				PRODUCT_BUNDLE_IDENTIFIER = tabievadam.QuoteBook1;
				PRODUCT_NAME = "$(TARGET_NAME)";
				SWIFT_EMIT_LOC_STRINGS = YES;
				SWIFT_VERSION = 5.0;
				TARGETED_DEVICE_FAMILY = "1,2";
			};
			name = Release;
		};
/* End XCBuildConfiguration section */

/* Begin XCConfigurationList section */
		F178452C29EFFF2A00D2C306 /* Build configuration list for PBXProject "QuoteBook1" */ = {
			isa = XCConfigurationList;
			buildConfigurations = (
				F178453D29EFFF2C00D2C306 /* Debug */,
				F178453E29EFFF2C00D2C306 /* Release */,
			);
			defaultConfigurationIsVisible = 0;
			defaultConfigurationName = Release;
		};
		F178453F29EFFF2C00D2C306 /* Build configuration list for PBXNativeTarget "QuoteBook1" */ = {
			isa = XCConfigurationList;
			buildConfigurations = (
				F178454029EFFF2C00D2C306 /* Debug */,
				F178454129EFFF2C00D2C306 /* Release */,
			);
			defaultConfigurationIsVisible = 0;
			defaultConfigurationName = Release;
		};
/* End XCConfigurationList section */
	};
	rootObject = F178452929EFFF2A00D2C306 /* Project object */;
}
